
Microsoft Visual Studio Solution File, Format Version 12.00
# Visual Studio Version 17
VisualStudioVersion = 17.2.32616.157
MinimumVisualStudioVersion = 10.0.40219.1
Project("{9A19103F-16F7-4668-BE54-9A1E7A4F7556}") = "SmallBaseball", "SmallBaseball\SmallBaseball.csproj", "{FF4F65C3-C9E2-4D57-B658-7E9AC0EF7233}"
EndProject
Project("{2150E333-8FDC-42A3-9474-1A3956D46DE8}") = "Application", "Application", "{65904DD4-F6F7-4A4E-8D56-1188013BAF85}"
EndProject
Project("{2150E333-8FDC-42A3-9474-1A3956D46DE8}") = "Domain", "Domain", "{DE86AD39-CB9F-4883-9C8B-14AF182AACA1}"
EndProject
Project("{2150E333-8FDC-42A3-9474-1A3956D46DE8}") = "Infrastructure", "Infrastructure", "{69D009DE-2E0C-45CE-9BB5-DA308F388D89}"
EndProject
Project("{FAE04EC0-301F-11D3-BF4B-00C04F79EFBC}") = "SmallBaseball.Infrastructure.Repository.EF", "SmallBaseball.Infrastructure.Repository.EF\SmallBaseball.Infrastructure.Repository.EF.csproj", "{56CC3DD2-8DFC-4DA8-A34B-E54F3CFE3C81}"
EndProject
Project("{FAE04EC0-301F-11D3-BF4B-00C04F79EFBC}") = "SmallBaseball.Domain.Interfaces", "SmallBaseball.Domain.Interfaces\SmallBaseball.Domain.Interfaces.csproj", "{2325FE6D-1B15-4C13-8C76-CF0A9286F8DA}"
EndProject
Project("{FAE04EC0-301F-11D3-BF4B-00C04F79EFBC}") = "SmallBaseball.Domain.Models", "SmallBaseball.Domain.Models\SmallBaseball.Domain.Models.csproj", "{C4F74946-D706-4DA8-AFE0-A3F16B776342}"
EndProject
Project("{FAE04EC0-301F-11D3-BF4B-00C04F79EFBC}") = "SmallBaseball.Application", "SmallBaseball.Application\SmallBaseball.Application.csproj", "{51F53D5C-0467-4174-99D0-55BFDCCE4EC8}"
EndProject
Global
	GlobalSection(SolutionConfigurationPlatforms) = preSolution
		Debug|Any CPU = Debug|Any CPU
		Release|Any CPU = Release|Any CPU
	EndGlobalSection
	GlobalSection(ProjectConfigurationPlatforms) = postSolution
		{FF4F65C3-C9E2-4D57-B658-7E9AC0EF7233}.Debug|Any CPU.ActiveCfg = Debug|Any CPU
		{FF4F65C3-C9E2-4D57-B658-7E9AC0EF7233}.Debug|Any CPU.Build.0 = Debug|Any CPU
		{FF4F65C3-C9E2-4D57-B658-7E9AC0EF7233}.Release|Any CPU.ActiveCfg = Release|Any CPU
		{FF4F65C3-C9E2-4D57-B658-7E9AC0EF7233}.Release|Any CPU.Build.0 = Release|Any CPU
		{56CC3DD2-8DFC-4DA8-A34B-E54F3CFE3C81}.Debug|Any CPU.ActiveCfg = Debug|Any CPU
		{56CC3DD2-8DFC-4DA8-A34B-E54F3CFE3C81}.Debug|Any CPU.Build.0 = Debug|Any CPU
		{56CC3DD2-8DFC-4DA8-A34B-E54F3CFE3C81}.Release|Any CPU.ActiveCfg = Release|Any CPU
		{56CC3DD2-8DFC-4DA8-A34B-E54F3CFE3C81}.Release|Any CPU.Build.0 = Release|Any CPU
		{2325FE6D-1B15-4C13-8C76-CF0A9286F8DA}.Debug|Any CPU.ActiveCfg = Debug|Any CPU
		{2325FE6D-1B15-4C13-8C76-CF0A9286F8DA}.Debug|Any CPU.Build.0 = Debug|Any CPU
		{2325FE6D-1B15-4C13-8C76-CF0A9286F8DA}.Release|Any CPU.ActiveCfg = Release|Any CPU
		{2325FE6D-1B15-4C13-8C76-CF0A9286F8DA}.Release|Any CPU.Build.0 = Release|Any CPU
		{C4F74946-D706-4DA8-AFE0-A3F16B776342}.Debug|Any CPU.ActiveCfg = Debug|Any CPU
		{C4F74946-D706-4DA8-AFE0-A3F16B776342}.Debug|Any CPU.Build.0 = Debug|Any CPU
		{C4F74946-D706-4DA8-AFE0-A3F16B776342}.Release|Any CPU.ActiveCfg = Release|Any CPU
		{C4F74946-D706-4DA8-AFE0-A3F16B776342}.Release|Any CPU.Build.0 = Release|Any CPU
		{51F53D5C-0467-4174-99D0-55BFDCCE4EC8}.Debug|Any CPU.ActiveCfg = Debug|Any CPU
		{51F53D5C-0467-4174-99D0-55BFDCCE4EC8}.Debug|Any CPU.Build.0 = Debug|Any CPU
		{51F53D5C-0467-4174-99D0-55BFDCCE4EC8}.Release|Any CPU.ActiveCfg = Release|Any CPU
		{51F53D5C-0467-4174-99D0-55BFDCCE4EC8}.Release|Any CPU.Build.0 = Release|Any CPU
	EndGlobalSection
	GlobalSection(SolutionProperties) = preSolution
		HideSolutionNode = FALSE
	EndGlobalSection
	GlobalSection(NestedProjects) = preSolution
		{56CC3DD2-8DFC-4DA8-A34B-E54F3CFE3C81} = {69D009DE-2E0C-45CE-9BB5-DA308F388D89}
		{2325FE6D-1B15-4C13-8C76-CF0A9286F8DA} = {DE86AD39-CB9F-4883-9C8B-14AF182AACA1}
		{C4F74946-D706-4DA8-AFE0-A3F16B776342} = {DE86AD39-CB9F-4883-9C8B-14AF182AACA1}
		{51F53D5C-0467-4174-99D0-55BFDCCE4EC8} = {65904DD4-F6F7-4A4E-8D56-1188013BAF85}
	EndGlobalSection
	GlobalSection(ExtensibilityGlobals) = postSolution
		SolutionGuid = {62DCE0DC-FDC4-4666-83AB-8B7F4378A2B5}
	EndGlobalSection
EndGlobal
