
Microsoft Visual Studio Solution File, Format Version 12.00
# Visual Studio Version 17
VisualStudioVersion = 17.5.33530.505
MinimumVisualStudioVersion = 10.0.40219.1
Project("{9A19103F-16F7-4668-BE54-9A1E7A4F7556}") = "SmallBaseball.API", "SmallBaseball.API\SmallBaseball.API.csproj", "{36C46D67-79FA-4657-8AF8-B41E7E534347}"
EndProject
Project("{2150E333-8FDC-42A3-9474-1A3956D46DE8}") = "Application", "Application", "{CD7475A1-F579-4E74-B2B0-E9D0404C3236}"
EndProject
Project("{2150E333-8FDC-42A3-9474-1A3956D46DE8}") = "Domain", "Domain", "{8D74881E-2704-4AF5-BE98-D55666A4B2F3}"
EndProject
Project("{2150E333-8FDC-42A3-9474-1A3956D46DE8}") = "Infrastructure", "Infrastructure", "{D37ECC59-EAD2-43C0-9E56-E2FD190504F1}"
EndProject
Project("{9A19103F-16F7-4668-BE54-9A1E7A4F7556}") = "SmallBaseball.Application", "SmallBaseball.Application\SmallBaseball.Application.csproj", "{15A1A57C-3728-4239-BF43-CEED30B94CA8}"
EndProject
Project("{9A19103F-16F7-4668-BE54-9A1E7A4F7556}") = "SmallBaseball.Interfaces", "SmallBaseball.Interfaces\SmallBaseball.Interfaces.csproj", "{302CC256-884E-4283-9ED3-FDF448896A4F}"
EndProject
Project("{9A19103F-16F7-4668-BE54-9A1E7A4F7556}") = "SmallBaseball.Models", "SmallBaseball.Models\SmallBaseball.Models.csproj", "{F660E62B-D29C-42BC-ADDC-158CC5244528}"
EndProject
Project("{9A19103F-16F7-4668-BE54-9A1E7A4F7556}") = "SmallBaseball.Repository.EF", "SmallBaseball.Repository.EF\SmallBaseball.Repository.EF.csproj", "{B4AC636E-964B-4E00-8A2E-804FA0A22B91}"
EndProject
Project("{2150E333-8FDC-42A3-9474-1A3956D46DE8}") = "Tests", "Tests", "{53830555-BE9D-49D6-A40C-1E49F57DD7F7}"
EndProject
Project("{9A19103F-16F7-4668-BE54-9A1E7A4F7556}") = "SmallBaseball.UnitTests", "SmallBaseball.UnitTests\SmallBaseball.UnitTests.csproj", "{6BDB6115-2297-414B-A2D7-61AEF147F24B}"
EndProject
Project("{9A19103F-16F7-4668-BE54-9A1E7A4F7556}") = "SmallBaseball.FunctionalTests", "SmallBaseball.FunctionalTests\SmallBaseball.FunctionalTests.csproj", "{E39F4BC6-4DD9-441A-8A51-9B740EF7BC09}"
EndProject
Project("{FAE04EC0-301F-11D3-BF4B-00C04F79EFBC}") = "SmallBase.Cache", "SmallBase.Cache\SmallBase.Cache.csproj", "{8ADFCB53-2649-4A2F-8D01-67B26AB13302}"
EndProject
Global
	GlobalSection(SolutionConfigurationPlatforms) = preSolution
		Debug|Any CPU = Debug|Any CPU
		Release|Any CPU = Release|Any CPU
	EndGlobalSection
	GlobalSection(ProjectConfigurationPlatforms) = postSolution
		{36C46D67-79FA-4657-8AF8-B41E7E534347}.Debug|Any CPU.ActiveCfg = Debug|Any CPU
		{36C46D67-79FA-4657-8AF8-B41E7E534347}.Debug|Any CPU.Build.0 = Debug|Any CPU
		{36C46D67-79FA-4657-8AF8-B41E7E534347}.Release|Any CPU.ActiveCfg = Release|Any CPU
		{36C46D67-79FA-4657-8AF8-B41E7E534347}.Release|Any CPU.Build.0 = Release|Any CPU
		{15A1A57C-3728-4239-BF43-CEED30B94CA8}.Debug|Any CPU.ActiveCfg = Debug|Any CPU
		{15A1A57C-3728-4239-BF43-CEED30B94CA8}.Debug|Any CPU.Build.0 = Debug|Any CPU
		{15A1A57C-3728-4239-BF43-CEED30B94CA8}.Release|Any CPU.ActiveCfg = Release|Any CPU
		{15A1A57C-3728-4239-BF43-CEED30B94CA8}.Release|Any CPU.Build.0 = Release|Any CPU
		{302CC256-884E-4283-9ED3-FDF448896A4F}.Debug|Any CPU.ActiveCfg = Debug|Any CPU
		{302CC256-884E-4283-9ED3-FDF448896A4F}.Debug|Any CPU.Build.0 = Debug|Any CPU
		{302CC256-884E-4283-9ED3-FDF448896A4F}.Release|Any CPU.ActiveCfg = Release|Any CPU
		{302CC256-884E-4283-9ED3-FDF448896A4F}.Release|Any CPU.Build.0 = Release|Any CPU
		{F660E62B-D29C-42BC-ADDC-158CC5244528}.Debug|Any CPU.ActiveCfg = Debug|Any CPU
		{F660E62B-D29C-42BC-ADDC-158CC5244528}.Debug|Any CPU.Build.0 = Debug|Any CPU
		{F660E62B-D29C-42BC-ADDC-158CC5244528}.Release|Any CPU.ActiveCfg = Release|Any CPU
		{F660E62B-D29C-42BC-ADDC-158CC5244528}.Release|Any CPU.Build.0 = Release|Any CPU
		{B4AC636E-964B-4E00-8A2E-804FA0A22B91}.Debug|Any CPU.ActiveCfg = Debug|Any CPU
		{B4AC636E-964B-4E00-8A2E-804FA0A22B91}.Debug|Any CPU.Build.0 = Debug|Any CPU
		{B4AC636E-964B-4E00-8A2E-804FA0A22B91}.Release|Any CPU.ActiveCfg = Release|Any CPU
		{B4AC636E-964B-4E00-8A2E-804FA0A22B91}.Release|Any CPU.Build.0 = Release|Any CPU
		{6BDB6115-2297-414B-A2D7-61AEF147F24B}.Debug|Any CPU.ActiveCfg = Debug|Any CPU
		{6BDB6115-2297-414B-A2D7-61AEF147F24B}.Debug|Any CPU.Build.0 = Debug|Any CPU
		{6BDB6115-2297-414B-A2D7-61AEF147F24B}.Release|Any CPU.ActiveCfg = Release|Any CPU
		{6BDB6115-2297-414B-A2D7-61AEF147F24B}.Release|Any CPU.Build.0 = Release|Any CPU
		{E39F4BC6-4DD9-441A-8A51-9B740EF7BC09}.Debug|Any CPU.ActiveCfg = Debug|Any CPU
		{E39F4BC6-4DD9-441A-8A51-9B740EF7BC09}.Debug|Any CPU.Build.0 = Debug|Any CPU
		{E39F4BC6-4DD9-441A-8A51-9B740EF7BC09}.Release|Any CPU.ActiveCfg = Release|Any CPU
		{E39F4BC6-4DD9-441A-8A51-9B740EF7BC09}.Release|Any CPU.Build.0 = Release|Any CPU
		{8ADFCB53-2649-4A2F-8D01-67B26AB13302}.Debug|Any CPU.ActiveCfg = Debug|Any CPU
		{8ADFCB53-2649-4A2F-8D01-67B26AB13302}.Debug|Any CPU.Build.0 = Debug|Any CPU
		{8ADFCB53-2649-4A2F-8D01-67B26AB13302}.Release|Any CPU.ActiveCfg = Release|Any CPU
		{8ADFCB53-2649-4A2F-8D01-67B26AB13302}.Release|Any CPU.Build.0 = Release|Any CPU
	EndGlobalSection
	GlobalSection(SolutionProperties) = preSolution
		HideSolutionNode = FALSE
	EndGlobalSection
	GlobalSection(NestedProjects) = preSolution
		{15A1A57C-3728-4239-BF43-CEED30B94CA8} = {CD7475A1-F579-4E74-B2B0-E9D0404C3236}
		{302CC256-884E-4283-9ED3-FDF448896A4F} = {8D74881E-2704-4AF5-BE98-D55666A4B2F3}
		{F660E62B-D29C-42BC-ADDC-158CC5244528} = {8D74881E-2704-4AF5-BE98-D55666A4B2F3}
		{B4AC636E-964B-4E00-8A2E-804FA0A22B91} = {D37ECC59-EAD2-43C0-9E56-E2FD190504F1}
		{6BDB6115-2297-414B-A2D7-61AEF147F24B} = {53830555-BE9D-49D6-A40C-1E49F57DD7F7}
		{E39F4BC6-4DD9-441A-8A51-9B740EF7BC09} = {53830555-BE9D-49D6-A40C-1E49F57DD7F7}
		{8ADFCB53-2649-4A2F-8D01-67B26AB13302} = {D37ECC59-EAD2-43C0-9E56-E2FD190504F1}
	EndGlobalSection
	GlobalSection(ExtensibilityGlobals) = postSolution
		SolutionGuid = {B8637497-11A0-4758-8EE9-65EB0D941461}
	EndGlobalSection
EndGlobal
